// !$*UTF8*$!
{
	archiveVersion = 1;
	classes = {
	};
	objectVersion = 56;
	objects = {

/* Begin PBXBuildFile section */
		CA30C90A2B860F5E000486AC /* DevoteApp.swift in Sources */ = {isa = PBXBuildFile; fileRef = CA30C9092B860F5E000486AC /* DevoteApp.swift */; };
		CA30C90C2B860F5E000486AC /* ContentView.swift in Sources */ = {isa = PBXBuildFile; fileRef = CA30C90B2B860F5E000486AC /* ContentView.swift */; };
		CA30C90E2B860F60000486AC /* Assets.xcassets in Resources */ = {isa = PBXBuildFile; fileRef = CA30C90D2B860F60000486AC /* Assets.xcassets */; };
		CA30C9112B860F60000486AC /* Preview Assets.xcassets in Resources */ = {isa = PBXBuildFile; fileRef = CA30C9102B860F60000486AC /* Preview Assets.xcassets */; };
		CA30C9132B860F60000486AC /* Persistence.swift in Sources */ = {isa = PBXBuildFile; fileRef = CA30C9122B860F60000486AC /* Persistence.swift */; };
		CA30C9162B860F60000486AC /* Devote.xcdatamodeld in Sources */ = {isa = PBXBuildFile; fileRef = CA30C9142B860F60000486AC /* Devote.xcdatamodeld */; };
		CA30C91F2B861016000486AC /* sound-rise.mp3 in Resources */ = {isa = PBXBuildFile; fileRef = CA30C91C2B861015000486AC /* sound-rise.mp3 */; };
		CA30C9202B861016000486AC /* sound-tap.mp3 in Resources */ = {isa = PBXBuildFile; fileRef = CA30C91D2B861016000486AC /* sound-tap.mp3 */; };
		CA30C9212B861016000486AC /* sound-ding.mp3 in Resources */ = {isa = PBXBuildFile; fileRef = CA30C91E2B861016000486AC /* sound-ding.mp3 */; };
		CA30C92E2B86B817000486AC /* Constant.swift in Sources */ = {isa = PBXBuildFile; fileRef = CA30C92D2B86B817000486AC /* Constant.swift */; };
		CA30C9302B86BE81000486AC /* HideKeyboardExtension.swift in Sources */ = {isa = PBXBuildFile; fileRef = CA30C92F2B86BE81000486AC /* HideKeyboardExtension.swift */; };
		CA30C9322B8830AF000486AC /* BackgroundImageView.swift in Sources */ = {isa = PBXBuildFile; fileRef = CA30C9312B8830AF000486AC /* BackgroundImageView.swift */; };
		CA30C9342B88348D000486AC /* NewTaskItemView.swift in Sources */ = {isa = PBXBuildFile; fileRef = CA30C9332B88348D000486AC /* NewTaskItemView.swift */; };
		CA30C9362B883B5D000486AC /* BlankView.swift in Sources */ = {isa = PBXBuildFile; fileRef = CA30C9352B883B5D000486AC /* BlankView.swift */; };
		CA9989E42B88BE9D00B32AF4 /* ListRowItemView.swift in Sources */ = {isa = PBXBuildFile; fileRef = CA9989E32B88BE9D00B32AF4 /* ListRowItemView.swift */; };
		CA9989E62B88C1A500B32AF4 /* CheckboxStyle.swift in Sources */ = {isa = PBXBuildFile; fileRef = CA9989E52B88C1A500B32AF4 /* CheckboxStyle.swift */; };
		CA9989E82B89845000B32AF4 /* SoundPlayer.swift in Sources */ = {isa = PBXBuildFile; fileRef = CA9989E72B89845000B32AF4 /* SoundPlayer.swift */; };
		CA9989F02B8987F100B32AF4 /* WidgetKit.framework in Frameworks */ = {isa = PBXBuildFile; fileRef = CA9989EF2B8987F100B32AF4 /* WidgetKit.framework */; };
		CA9989F22B8987F100B32AF4 /* SwiftUI.framework in Frameworks */ = {isa = PBXBuildFile; fileRef = CA9989F12B8987F100B32AF4 /* SwiftUI.framework */; };
		CA9989F52B8987F100B32AF4 /* DevoteWidgetBundle.swift in Sources */ = {isa = PBXBuildFile; fileRef = CA9989F42B8987F100B32AF4 /* DevoteWidgetBundle.swift */; };
		CA9989F72B8987F100B32AF4 /* DevoteWidgetLiveActivity.swift in Sources */ = {isa = PBXBuildFile; fileRef = CA9989F62B8987F100B32AF4 /* DevoteWidgetLiveActivity.swift */; };
		CA9989F92B8987F100B32AF4 /* DevoteWidget.swift in Sources */ = {isa = PBXBuildFile; fileRef = CA9989F82B8987F100B32AF4 /* DevoteWidget.swift */; };
		CA9989FB2B8987F300B32AF4 /* Assets.xcassets in Resources */ = {isa = PBXBuildFile; fileRef = CA9989FA2B8987F300B32AF4 /* Assets.xcassets */; };
		CA9989FF2B8987F300B32AF4 /* DevoteWidgetExtension.appex in Embed Foundation Extensions */ = {isa = PBXBuildFile; fileRef = CA9989ED2B8987F100B32AF4 /* DevoteWidgetExtension.appex */; settings = {ATTRIBUTES = (RemoveHeadersOnCopy, ); }; };
		CA998A042B89F66A00B32AF4 /* Assets.xcassets in Resources */ = {isa = PBXBuildFile; fileRef = CA30C90D2B860F60000486AC /* Assets.xcassets */; };
		CA998A052B89F73800B32AF4 /* Constant.swift in Sources */ = {isa = PBXBuildFile; fileRef = CA30C92D2B86B817000486AC /* Constant.swift */; };
/* End PBXBuildFile section */

/* Begin PBXContainerItemProxy section */
		CA9989FD2B8987F300B32AF4 /* PBXContainerItemProxy */ = {
			isa = PBXContainerItemProxy;
			containerPortal = CA30C8FE2B860F5E000486AC /* Project object */;
			proxyType = 1;
			remoteGlobalIDString = CA9989EC2B8987F100B32AF4;
			remoteInfo = DevoteWidgetExtension;
		};
/* End PBXContainerItemProxy section */

/* Begin PBXCopyFilesBuildPhase section */
		CA998A032B8987F300B32AF4 /* Embed Foundation Extensions */ = {
			isa = PBXCopyFilesBuildPhase;
			buildActionMask = 2147483647;
			dstPath = "";
			dstSubfolderSpec = 13;
			files = (
				CA9989FF2B8987F300B32AF4 /* DevoteWidgetExtension.appex in Embed Foundation Extensions */,
			);
			name = "Embed Foundation Extensions";
			runOnlyForDeploymentPostprocessing = 0;
		};
/* End PBXCopyFilesBuildPhase section */

/* Begin PBXFileReference section */
		CA30C9062B860F5E000486AC /* Devote.app */ = {isa = PBXFileReference; explicitFileType = wrapper.application; includeInIndex = 0; path = Devote.app; sourceTree = BUILT_PRODUCTS_DIR; };
		CA30C9092B860F5E000486AC /* DevoteApp.swift */ = {isa = PBXFileReference; lastKnownFileType = sourcecode.swift; path = DevoteApp.swift; sourceTree = "<group>"; };
		CA30C90B2B860F5E000486AC /* ContentView.swift */ = {isa = PBXFileReference; lastKnownFileType = sourcecode.swift; path = ContentView.swift; sourceTree = "<group>"; };
		CA30C90D2B860F60000486AC /* Assets.xcassets */ = {isa = PBXFileReference; lastKnownFileType = folder.assetcatalog; path = Assets.xcassets; sourceTree = "<group>"; };
		CA30C9102B860F60000486AC /* Preview Assets.xcassets */ = {isa = PBXFileReference; lastKnownFileType = folder.assetcatalog; path = "Preview Assets.xcassets"; sourceTree = "<group>"; };
		CA30C9122B860F60000486AC /* Persistence.swift */ = {isa = PBXFileReference; lastKnownFileType = sourcecode.swift; path = Persistence.swift; sourceTree = "<group>"; };
		CA30C9152B860F60000486AC /* Devote.xcdatamodel */ = {isa = PBXFileReference; lastKnownFileType = wrapper.xcdatamodel; path = Devote.xcdatamodel; sourceTree = "<group>"; };
		CA30C91C2B861015000486AC /* sound-rise.mp3 */ = {isa = PBXFileReference; lastKnownFileType = audio.mp3; path = "sound-rise.mp3"; sourceTree = "<group>"; };
		CA30C91D2B861016000486AC /* sound-tap.mp3 */ = {isa = PBXFileReference; lastKnownFileType = audio.mp3; path = "sound-tap.mp3"; sourceTree = "<group>"; };
		CA30C91E2B861016000486AC /* sound-ding.mp3 */ = {isa = PBXFileReference; lastKnownFileType = audio.mp3; path = "sound-ding.mp3"; sourceTree = "<group>"; };
		CA30C9282B8610CD000486AC /* Info.plist */ = {isa = PBXFileReference; lastKnownFileType = text.plist; path = Info.plist; sourceTree = "<group>"; };
		CA30C92D2B86B817000486AC /* Constant.swift */ = {isa = PBXFileReference; lastKnownFileType = sourcecode.swift; path = Constant.swift; sourceTree = "<group>"; };
		CA30C92F2B86BE81000486AC /* HideKeyboardExtension.swift */ = {isa = PBXFileReference; lastKnownFileType = sourcecode.swift; path = HideKeyboardExtension.swift; sourceTree = "<group>"; };
		CA30C9312B8830AF000486AC /* BackgroundImageView.swift */ = {isa = PBXFileReference; lastKnownFileType = sourcecode.swift; path = BackgroundImageView.swift; sourceTree = "<group>"; };
		CA30C9332B88348D000486AC /* NewTaskItemView.swift */ = {isa = PBXFileReference; lastKnownFileType = sourcecode.swift; path = NewTaskItemView.swift; sourceTree = "<group>"; };
		CA30C9352B883B5D000486AC /* BlankView.swift */ = {isa = PBXFileReference; lastKnownFileType = sourcecode.swift; path = BlankView.swift; sourceTree = "<group>"; };
		CA9989E32B88BE9D00B32AF4 /* ListRowItemView.swift */ = {isa = PBXFileReference; lastKnownFileType = sourcecode.swift; path = ListRowItemView.swift; sourceTree = "<group>"; };
		CA9989E52B88C1A500B32AF4 /* CheckboxStyle.swift */ = {isa = PBXFileReference; lastKnownFileType = sourcecode.swift; path = CheckboxStyle.swift; sourceTree = "<group>"; };
		CA9989E72B89845000B32AF4 /* SoundPlayer.swift */ = {isa = PBXFileReference; lastKnownFileType = sourcecode.swift; path = SoundPlayer.swift; sourceTree = "<group>"; };
		CA9989ED2B8987F100B32AF4 /* DevoteWidgetExtension.appex */ = {isa = PBXFileReference; explicitFileType = "wrapper.app-extension"; includeInIndex = 0; path = DevoteWidgetExtension.appex; sourceTree = BUILT_PRODUCTS_DIR; };
		CA9989EF2B8987F100B32AF4 /* WidgetKit.framework */ = {isa = PBXFileReference; lastKnownFileType = wrapper.framework; name = WidgetKit.framework; path = System/Library/Frameworks/WidgetKit.framework; sourceTree = SDKROOT; };
		CA9989F12B8987F100B32AF4 /* SwiftUI.framework */ = {isa = PBXFileReference; lastKnownFileType = wrapper.framework; name = SwiftUI.framework; path = System/Library/Frameworks/SwiftUI.framework; sourceTree = SDKROOT; };
		CA9989F42B8987F100B32AF4 /* DevoteWidgetBundle.swift */ = {isa = PBXFileReference; lastKnownFileType = sourcecode.swift; path = DevoteWidgetBundle.swift; sourceTree = "<group>"; };
		CA9989F62B8987F100B32AF4 /* DevoteWidgetLiveActivity.swift */ = {isa = PBXFileReference; lastKnownFileType = sourcecode.swift; path = DevoteWidgetLiveActivity.swift; sourceTree = "<group>"; };
		CA9989F82B8987F100B32AF4 /* DevoteWidget.swift */ = {isa = PBXFileReference; lastKnownFileType = sourcecode.swift; path = DevoteWidget.swift; sourceTree = "<group>"; };
		CA9989FA2B8987F300B32AF4 /* Assets.xcassets */ = {isa = PBXFileReference; lastKnownFileType = folder.assetcatalog; path = Assets.xcassets; sourceTree = "<group>"; };
		CA9989FC2B8987F300B32AF4 /* Info.plist */ = {isa = PBXFileReference; lastKnownFileType = text.plist.xml; path = Info.plist; sourceTree = "<group>"; };
/* End PBXFileReference section */

/* Begin PBXFrameworksBuildPhase section */
		CA30C9032B860F5E000486AC /* Frameworks */ = {
			isa = PBXFrameworksBuildPhase;
			buildActionMask = 2147483647;
			files = (
			);
			runOnlyForDeploymentPostprocessing = 0;
		};
		CA9989EA2B8987F100B32AF4 /* Frameworks */ = {
			isa = PBXFrameworksBuildPhase;
			buildActionMask = 2147483647;
			files = (
				CA9989F22B8987F100B32AF4 /* SwiftUI.framework in Frameworks */,
				CA9989F02B8987F100B32AF4 /* WidgetKit.framework in Frameworks */,
			);
			runOnlyForDeploymentPostprocessing = 0;
		};
/* End PBXFrameworksBuildPhase section */

/* Begin PBXGroup section */
		CA30C8FD2B860F5E000486AC = {
			isa = PBXGroup;
			children = (
				CA30C9092B860F5E000486AC /* DevoteApp.swift */,
				CA30C9082B860F5E000486AC /* Devote */,
				CA9989F32B8987F100B32AF4 /* DevoteWidget */,
				CA9989EE2B8987F100B32AF4 /* Frameworks */,
				CA30C9072B860F5E000486AC /* Products */,
			);
			sourceTree = "<group>";
		};
		CA30C9072B860F5E000486AC /* Products */ = {
			isa = PBXGroup;
			children = (
				CA30C9062B860F5E000486AC /* Devote.app */,
				CA9989ED2B8987F100B32AF4 /* DevoteWidgetExtension.appex */,
			);
			name = Products;
			sourceTree = "<group>";
		};
		CA30C9082B860F5E000486AC /* Devote */ = {
			isa = PBXGroup;
			children = (
				CA30C9282B8610CD000486AC /* Info.plist */,
				CA30C9272B861078000486AC /* Model */,
				CA30C9232B861041000486AC /* View */,
				CA30C9262B861063000486AC /* Style */,
				CA30C9252B86105A000486AC /* Utiliry */,
				CA30C9242B86104A000486AC /* Extention */,
				CA30C9222B861036000486AC /* Sound */,
				CA30C90D2B860F60000486AC /* Assets.xcassets */,
				CA30C90F2B860F60000486AC /* Preview Content */,
			);
			path = Devote;
			sourceTree = "<group>";
		};
		CA30C90F2B860F60000486AC /* Preview Content */ = {
			isa = PBXGroup;
			children = (
				CA30C9102B860F60000486AC /* Preview Assets.xcassets */,
			);
			path = "Preview Content";
			sourceTree = "<group>";
		};
		CA30C9222B861036000486AC /* Sound */ = {
			isa = PBXGroup;
			children = (
				CA30C91E2B861016000486AC /* sound-ding.mp3 */,
				CA30C91C2B861015000486AC /* sound-rise.mp3 */,
				CA30C91D2B861016000486AC /* sound-tap.mp3 */,
			);
			path = Sound;
			sourceTree = "<group>";
		};
		CA30C9232B861041000486AC /* View */ = {
			isa = PBXGroup;
			children = (
				CA30C90B2B860F5E000486AC /* ContentView.swift */,
				CA30C9312B8830AF000486AC /* BackgroundImageView.swift */,
				CA30C9332B88348D000486AC /* NewTaskItemView.swift */,
				CA30C9352B883B5D000486AC /* BlankView.swift */,
				CA9989E32B88BE9D00B32AF4 /* ListRowItemView.swift */,
			);
			path = View;
			sourceTree = "<group>";
		};
		CA30C9242B86104A000486AC /* Extention */ = {
			isa = PBXGroup;
			children = (
				CA30C92F2B86BE81000486AC /* HideKeyboardExtension.swift */,
			);
			path = Extention;
			sourceTree = "<group>";
		};
		CA30C9252B86105A000486AC /* Utiliry */ = {
			isa = PBXGroup;
			children = (
				CA30C92D2B86B817000486AC /* Constant.swift */,
				CA9989E72B89845000B32AF4 /* SoundPlayer.swift */,
			);
			path = Utiliry;
			sourceTree = "<group>";
		};
		CA30C9262B861063000486AC /* Style */ = {
			isa = PBXGroup;
			children = (
				CA9989E52B88C1A500B32AF4 /* CheckboxStyle.swift */,
			);
			path = Style;
			sourceTree = "<group>";
		};
		CA30C9272B861078000486AC /* Model */ = {
			isa = PBXGroup;
			children = (
				CA30C9142B860F60000486AC /* Devote.xcdatamodeld */,
				CA30C9122B860F60000486AC /* Persistence.swift */,
			);
			path = Model;
			sourceTree = "<group>";
		};
		CA9989EE2B8987F100B32AF4 /* Frameworks */ = {
			isa = PBXGroup;
			children = (
				CA9989EF2B8987F100B32AF4 /* WidgetKit.framework */,
				CA9989F12B8987F100B32AF4 /* SwiftUI.framework */,
			);
			name = Frameworks;
			sourceTree = "<group>";
		};
		CA9989F32B8987F100B32AF4 /* DevoteWidget */ = {
			isa = PBXGroup;
			children = (
				CA9989F42B8987F100B32AF4 /* DevoteWidgetBundle.swift */,
				CA9989F62B8987F100B32AF4 /* DevoteWidgetLiveActivity.swift */,
				CA9989F82B8987F100B32AF4 /* DevoteWidget.swift */,
				CA9989FA2B8987F300B32AF4 /* Assets.xcassets */,
				CA9989FC2B8987F300B32AF4 /* Info.plist */,
			);
			path = DevoteWidget;
			sourceTree = "<group>";
		};
/* End PBXGroup section */

/* Begin PBXNativeTarget section */
		CA30C9052B860F5E000486AC /* Devote */ = {
			isa = PBXNativeTarget;
			buildConfigurationList = CA30C9192B860F60000486AC /* Build configuration list for PBXNativeTarget "Devote" */;
			buildPhases = (
				CA30C9022B860F5E000486AC /* Sources */,
				CA30C9032B860F5E000486AC /* Frameworks */,
				CA30C9042B860F5E000486AC /* Resources */,
				CA998A032B8987F300B32AF4 /* Embed Foundation Extensions */,
			);
			buildRules = (
			);
			dependencies = (
				CA9989FE2B8987F300B32AF4 /* PBXTargetDependency */,
			);
			name = Devote;
			productName = Devote;
			productReference = CA30C9062B860F5E000486AC /* Devote.app */;
			productType = "com.apple.product-type.application";
		};
		CA9989EC2B8987F100B32AF4 /* DevoteWidgetExtension */ = {
			isa = PBXNativeTarget;
			buildConfigurationList = CA998A002B8987F300B32AF4 /* Build configuration list for PBXNativeTarget "DevoteWidgetExtension" */;
			buildPhases = (
				CA9989E92B8987F100B32AF4 /* Sources */,
				CA9989EA2B8987F100B32AF4 /* Frameworks */,
				CA9989EB2B8987F100B32AF4 /* Resources */,
			);
			buildRules = (
			);
			dependencies = (
			);
			name = DevoteWidgetExtension;
			productName = DevoteWidgetExtension;
			productReference = CA9989ED2B8987F100B32AF4 /* DevoteWidgetExtension.appex */;
			productType = "com.apple.product-type.app-extension";
		};
/* End PBXNativeTarget section */

/* Begin PBXProject section */
		CA30C8FE2B860F5E000486AC /* Project object */ = {
			isa = PBXProject;
			attributes = {
				BuildIndependentTargetsInParallel = 1;
				LastSwiftUpdateCheck = 1420;
				LastUpgradeCheck = 1420;
				TargetAttributes = {
					CA30C9052B860F5E000486AC = {
						CreatedOnToolsVersion = 14.2;
					};
					CA9989EC2B8987F100B32AF4 = {
						CreatedOnToolsVersion = 14.2;
					};
				};
			};
			buildConfigurationList = CA30C9012B860F5E000486AC /* Build configuration list for PBXProject "Devote" */;
			compatibilityVersion = "Xcode 14.0";
			developmentRegion = en;
			hasScannedForEncodings = 0;
			knownRegions = (
				en,
				Base,
			);
			mainGroup = CA30C8FD2B860F5E000486AC;
			productRefGroup = CA30C9072B860F5E000486AC /* Products */;
			projectDirPath = "";
			projectRoot = "";
			targets = (
				CA30C9052B860F5E000486AC /* Devote */,
				CA9989EC2B8987F100B32AF4 /* DevoteWidgetExtension */,
			);
		};
/* End PBXProject section */

/* Begin PBXResourcesBuildPhase section */
		CA30C9042B860F5E000486AC /* Resources */ = {
			isa = PBXResourcesBuildPhase;
			buildActionMask = 2147483647;
			files = (
				CA30C9212B861016000486AC /* sound-ding.mp3 in Resources */,
				CA30C91F2B861016000486AC /* sound-rise.mp3 in Resources */,
				CA30C9112B860F60000486AC /* Preview Assets.xcassets in Resources */,
				CA30C9202B861016000486AC /* sound-tap.mp3 in Resources */,
				CA30C90E2B860F60000486AC /* Assets.xcassets in Resources */,
			);
			runOnlyForDeploymentPostprocessing = 0;
		};
		CA9989EB2B8987F100B32AF4 /* Resources */ = {
			isa = PBXResourcesBuildPhase;
			buildActionMask = 2147483647;
			files = (
				CA998A042B89F66A00B32AF4 /* Assets.xcassets in Resources */,
				CA9989FB2B8987F300B32AF4 /* Assets.xcassets in Resources */,
			);
			runOnlyForDeploymentPostprocessing = 0;
		};
/* End PBXResourcesBuildPhase section */

/* Begin PBXSourcesBuildPhase section */
		CA30C9022B860F5E000486AC /* Sources */ = {
			isa = PBXSourcesBuildPhase;
			buildActionMask = 2147483647;
			files = (
				CA30C9132B860F60000486AC /* Persistence.swift in Sources */,
				CA30C9322B8830AF000486AC /* BackgroundImageView.swift in Sources */,
				CA30C90C2B860F5E000486AC /* ContentView.swift in Sources */,
				CA30C9302B86BE81000486AC /* HideKeyboardExtension.swift in Sources */,
				CA30C9362B883B5D000486AC /* BlankView.swift in Sources */,
				CA30C92E2B86B817000486AC /* Constant.swift in Sources */,
				CA9989E42B88BE9D00B32AF4 /* ListRowItemView.swift in Sources */,
				CA30C9162B860F60000486AC /* Devote.xcdatamodeld in Sources */,
				CA30C90A2B860F5E000486AC /* DevoteApp.swift in Sources */,
				CA9989E62B88C1A500B32AF4 /* CheckboxStyle.swift in Sources */,
				CA9989E82B89845000B32AF4 /* SoundPlayer.swift in Sources */,
				CA30C9342B88348D000486AC /* NewTaskItemView.swift in Sources */,
			);
			runOnlyForDeploymentPostprocessing = 0;
		};
		CA9989E92B8987F100B32AF4 /* Sources */ = {
			isa = PBXSourcesBuildPhase;
			buildActionMask = 2147483647;
			files = (
				CA9989F92B8987F100B32AF4 /* DevoteWidget.swift in Sources */,
				CA9989F52B8987F100B32AF4 /* DevoteWidgetBundle.swift in Sources */,
				CA9989F72B8987F100B32AF4 /* DevoteWidgetLiveActivity.swift in Sources */,
				CA998A052B89F73800B32AF4 /* Constant.swift in Sources */,
			);
			runOnlyForDeploymentPostprocessing = 0;
		};
/* End PBXSourcesBuildPhase section */

/* Begin PBXTargetDependency section */
		CA9989FE2B8987F300B32AF4 /* PBXTargetDependency */ = {
			isa = PBXTargetDependency;
			target = CA9989EC2B8987F100B32AF4 /* DevoteWidgetExtension */;
			targetProxy = CA9989FD2B8987F300B32AF4 /* PBXContainerItemProxy */;
		};
/* End PBXTargetDependency section */

/* Begin XCBuildConfiguration section */
		CA30C9172B860F60000486AC /* Debug */ = {
			isa = XCBuildConfiguration;
			buildSettings = {
				ALWAYS_SEARCH_USER_PATHS = NO;
				CLANG_ANALYZER_NONNULL = YES;
				CLANG_ANALYZER_NUMBER_OBJECT_CONVERSION = YES_AGGRESSIVE;
				CLANG_CXX_LANGUAGE_STANDARD = "gnu++20";
				CLANG_ENABLE_MODULES = YES;
				CLANG_ENABLE_OBJC_ARC = YES;
				CLANG_ENABLE_OBJC_WEAK = YES;
				CLANG_WARN_BLOCK_CAPTURE_AUTORELEASING = YES;
				CLANG_WARN_BOOL_CONVERSION = YES;
				CLANG_WARN_COMMA = YES;
				CLANG_WARN_CONSTANT_CONVERSION = YES;
				CLANG_WARN_DEPRECATED_OBJC_IMPLEMENTATIONS = YES;
				CLANG_WARN_DIRECT_OBJC_ISA_USAGE = YES_ERROR;
				CLANG_WARN_DOCUMENTATION_COMMENTS = YES;
				CLANG_WARN_EMPTY_BODY = YES;
				CLANG_WARN_ENUM_CONVERSION = YES;
				CLANG_WARN_INFINITE_RECURSION = YES;
				CLANG_WARN_INT_CONVERSION = YES;
				CLANG_WARN_NON_LITERAL_NULL_CONVERSION = YES;
				CLANG_WARN_OBJC_IMPLICIT_RETAIN_SELF = YES;
				CLANG_WARN_OBJC_LITERAL_CONVERSION = YES;
				CLANG_WARN_OBJC_ROOT_CLASS = YES_ERROR;
				CLANG_WARN_QUOTED_INCLUDE_IN_FRAMEWORK_HEADER = YES;
				CLANG_WARN_RANGE_LOOP_ANALYSIS = YES;
				CLANG_WARN_STRICT_PROTOTYPES = YES;
				CLANG_WARN_SUSPICIOUS_MOVE = YES;
				CLANG_WARN_UNGUARDED_AVAILABILITY = YES_AGGRESSIVE;
				CLANG_WARN_UNREACHABLE_CODE = YES;
				CLANG_WARN__DUPLICATE_METHOD_MATCH = YES;
				COPY_PHASE_STRIP = NO;
				DEBUG_INFORMATION_FORMAT = dwarf;
				ENABLE_STRICT_OBJC_MSGSEND = YES;
				ENABLE_TESTABILITY = YES;
				GCC_C_LANGUAGE_STANDARD = gnu11;
				GCC_DYNAMIC_NO_PIC = NO;
				GCC_NO_COMMON_BLOCKS = YES;
				GCC_OPTIMIZATION_LEVEL = 0;
				GCC_PREPROCESSOR_DEFINITIONS = (
					"DEBUG=1",
					"$(inherited)",
				);
				GCC_WARN_64_TO_32_BIT_CONVERSION = YES;
				GCC_WARN_ABOUT_RETURN_TYPE = YES_ERROR;
				GCC_WARN_UNDECLARED_SELECTOR = YES;
				GCC_WARN_UNINITIALIZED_AUTOS = YES_AGGRESSIVE;
				GCC_WARN_UNUSED_FUNCTION = YES;
				GCC_WARN_UNUSED_VARIABLE = YES;
				IPHONEOS_DEPLOYMENT_TARGET = 16.2;
				MTL_ENABLE_DEBUG_INFO = INCLUDE_SOURCE;
				MTL_FAST_MATH = YES;
				ONLY_ACTIVE_ARCH = YES;
				SDKROOT = iphoneos;
				SWIFT_ACTIVE_COMPILATION_CONDITIONS = DEBUG;
				SWIFT_OPTIMIZATION_LEVEL = "-Onone";
			};
			name = Debug;
		};
		CA30C9182B860F60000486AC /* Release */ = {
			isa = XCBuildConfiguration;
			buildSettings = {
				ALWAYS_SEARCH_USER_PATHS = NO;
				CLANG_ANALYZER_NONNULL = YES;
				CLANG_ANALYZER_NUMBER_OBJECT_CONVERSION = YES_AGGRESSIVE;
				CLANG_CXX_LANGUAGE_STANDARD = "gnu++20";
				CLANG_ENABLE_MODULES = YES;
				CLANG_ENABLE_OBJC_ARC = YES;
				CLANG_ENABLE_OBJC_WEAK = YES;
				CLANG_WARN_BLOCK_CAPTURE_AUTORELEASING = YES;
				CLANG_WARN_BOOL_CONVERSION = YES;
				CLANG_WARN_COMMA = YES;
				CLANG_WARN_CONSTANT_CONVERSION = YES;
				CLANG_WARN_DEPRECATED_OBJC_IMPLEMENTATIONS = YES;
				CLANG_WARN_DIRECT_OBJC_ISA_USAGE = YES_ERROR;
				CLANG_WARN_DOCUMENTATION_COMMENTS = YES;
				CLANG_WARN_EMPTY_BODY = YES;
				CLANG_WARN_ENUM_CONVERSION = YES;
				CLANG_WARN_INFINITE_RECURSION = YES;
				CLANG_WARN_INT_CONVERSION = YES;
				CLANG_WARN_NON_LITERAL_NULL_CONVERSION = YES;
				CLANG_WARN_OBJC_IMPLICIT_RETAIN_SELF = YES;
				CLANG_WARN_OBJC_LITERAL_CONVERSION = YES;
				CLANG_WARN_OBJC_ROOT_CLASS = YES_ERROR;
				CLANG_WARN_QUOTED_INCLUDE_IN_FRAMEWORK_HEADER = YES;
				CLANG_WARN_RANGE_LOOP_ANALYSIS = YES;
				CLANG_WARN_STRICT_PROTOTYPES = YES;
				CLANG_WARN_SUSPICIOUS_MOVE = YES;
				CLANG_WARN_UNGUARDED_AVAILABILITY = YES_AGGRESSIVE;
				CLANG_WARN_UNREACHABLE_CODE = YES;
				CLANG_WARN__DUPLICATE_METHOD_MATCH = YES;
				COPY_PHASE_STRIP = NO;
				DEBUG_INFORMATION_FORMAT = "dwarf-with-dsym";
				ENABLE_NS_ASSERTIONS = NO;
				ENABLE_STRICT_OBJC_MSGSEND = YES;
				GCC_C_LANGUAGE_STANDARD = gnu11;
				GCC_NO_COMMON_BLOCKS = YES;
				GCC_WARN_64_TO_32_BIT_CONVERSION = YES;
				GCC_WARN_ABOUT_RETURN_TYPE = YES_ERROR;
				GCC_WARN_UNDECLARED_SELECTOR = YES;
				GCC_WARN_UNINITIALIZED_AUTOS = YES_AGGRESSIVE;
				GCC_WARN_UNUSED_FUNCTION = YES;
				GCC_WARN_UNUSED_VARIABLE = YES;
				IPHONEOS_DEPLOYMENT_TARGET = 16.2;
				MTL_ENABLE_DEBUG_INFO = NO;
				MTL_FAST_MATH = YES;
				SDKROOT = iphoneos;
				SWIFT_COMPILATION_MODE = wholemodule;
				SWIFT_OPTIMIZATION_LEVEL = "-O";
				VALIDATE_PRODUCT = YES;
			};
			name = Release;
		};
		CA30C91A2B860F60000486AC /* Debug */ = {
			isa = XCBuildConfiguration;
			buildSettings = {
				ALWAYS_EMBED_SWIFT_STANDARD_LIBRARIES = YES;
				ASSETCATALOG_COMPILER_APPICON_NAME = AppIcon;
				ASSETCATALOG_COMPILER_GLOBAL_ACCENT_COLOR_NAME = AccentColor;
				CODE_SIGN_STYLE = Automatic;
				CURRENT_PROJECT_VERSION = 1;
				DEVELOPMENT_ASSET_PATHS = "\"Devote/Preview Content\"";
				DEVELOPMENT_TEAM = 76QSDV59CX;
				ENABLE_PREVIEWS = YES;
				GENERATE_INFOPLIST_FILE = YES;
				INFOPLIST_FILE = Devote/Info.plist;
				INFOPLIST_KEY_UIApplicationSceneManifest_Generation = YES;
				INFOPLIST_KEY_UIApplicationSupportsIndirectInputEvents = YES;
				INFOPLIST_KEY_UISupportedInterfaceOrientations = UIInterfaceOrientationPortrait;
				LD_RUNPATH_SEARCH_PATHS = (
					"$(inherited)",
					"@executable_path/Frameworks",
				);
				MARKETING_VERSION = 1.0;
				PRODUCT_BUNDLE_IDENTIFIER = jp.ringrin.Devote;
				PRODUCT_NAME = "$(TARGET_NAME)";
				SWIFT_EMIT_LOC_STRINGS = YES;
				SWIFT_VERSION = 5.0;
				TARGETED_DEVICE_FAMILY = "1,2";
			};
			name = Debug;
		};
		CA30C91B2B860F60000486AC /* Release */ = {
			isa = XCBuildConfiguration;
			buildSettings = {
				ALWAYS_EMBED_SWIFT_STANDARD_LIBRARIES = YES;
				ASSETCATALOG_COMPILER_APPICON_NAME = AppIcon;
				ASSETCATALOG_COMPILER_GLOBAL_ACCENT_COLOR_NAME = AccentColor;
				CODE_SIGN_STYLE = Automatic;
				CURRENT_PROJECT_VERSION = 1;
				DEVELOPMENT_ASSET_PATHS = "\"Devote/Preview Content\"";
				DEVELOPMENT_TEAM = 76QSDV59CX;
				ENABLE_PREVIEWS = YES;
				GENERATE_INFOPLIST_FILE = YES;
				INFOPLIST_FILE = Devote/Info.plist;
				INFOPLIST_KEY_UIApplicationSceneManifest_Generation = YES;
				INFOPLIST_KEY_UIApplicationSupportsIndirectInputEvents = YES;
				INFOPLIST_KEY_UISupportedInterfaceOrientations = UIInterfaceOrientationPortrait;
				LD_RUNPATH_SEARCH_PATHS = (
					"$(inherited)",
					"@executable_path/Frameworks",
				);
				MARKETING_VERSION = 1.0;
				PRODUCT_BUNDLE_IDENTIFIER = jp.ringrin.Devote;
				PRODUCT_NAME = "$(TARGET_NAME)";
				SWIFT_EMIT_LOC_STRINGS = YES;
				SWIFT_VERSION = 5.0;
				TARGETED_DEVICE_FAMILY = "1,2";
			};
			name = Release;
		};
		CA998A012B8987F300B32AF4 /* Debug */ = {
			isa = XCBuildConfiguration;
			buildSettings = {
				ASSETCATALOG_COMPILER_GLOBAL_ACCENT_COLOR_NAME = AccentColor;
				ASSETCATALOG_COMPILER_WIDGET_BACKGROUND_COLOR_NAME = WidgetBackground;
				CODE_SIGN_STYLE = Automatic;
				CURRENT_PROJECT_VERSION = 1;
				DEVELOPMENT_TEAM = 76QSDV59CX;
				GENERATE_INFOPLIST_FILE = YES;
				INFOPLIST_FILE = DevoteWidget/Info.plist;
				INFOPLIST_KEY_CFBundleDisplayName = DevoteWidget;
				INFOPLIST_KEY_NSHumanReadableCopyright = "";
				LD_RUNPATH_SEARCH_PATHS = (
					"$(inherited)",
					"@executable_path/Frameworks",
					"@executable_path/../../Frameworks",
				);
				MARKETING_VERSION = 1.0;
				PRODUCT_BUNDLE_IDENTIFIER = jp.ringrin.Devote.DevoteWidget;
				PRODUCT_NAME = "$(TARGET_NAME)";
				SKIP_INSTALL = YES;
				SWIFT_EMIT_LOC_STRINGS = YES;
				SWIFT_VERSION = 5.0;
				TARGETED_DEVICE_FAMILY = "1,2";
			};
			name = Debug;
		};
		CA998A022B8987F300B32AF4 /* Release */ = {
			isa = XCBuildConfiguration;
			buildSettings = {
				ASSETCATALOG_COMPILER_GLOBAL_ACCENT_COLOR_NAME = AccentColor;
				ASSETCATALOG_COMPILER_WIDGET_BACKGROUND_COLOR_NAME = WidgetBackground;
				CODE_SIGN_STYLE = Automatic;
				CURRENT_PROJECT_VERSION = 1;
				DEVELOPMENT_TEAM = 76QSDV59CX;
				GENERATE_INFOPLIST_FILE = YES;
				INFOPLIST_FILE = DevoteWidget/Info.plist;
				INFOPLIST_KEY_CFBundleDisplayName = DevoteWidget;
				INFOPLIST_KEY_NSHumanReadableCopyright = "";
				LD_RUNPATH_SEARCH_PATHS = (
					"$(inherited)",
					"@executable_path/Frameworks",
					"@executable_path/../../Frameworks",
				);
				MARKETING_VERSION = 1.0;
				PRODUCT_BUNDLE_IDENTIFIER = jp.ringrin.Devote.DevoteWidget;
				PRODUCT_NAME = "$(TARGET_NAME)";
				SKIP_INSTALL = YES;
				SWIFT_EMIT_LOC_STRINGS = YES;
				SWIFT_VERSION = 5.0;
				TARGETED_DEVICE_FAMILY = "1,2";
			};
			name = Release;
		};
/* End XCBuildConfiguration section */

/* Begin XCConfigurationList section */
		CA30C9012B860F5E000486AC /* Build configuration list for PBXProject "Devote" */ = {
			isa = XCConfigurationList;
			buildConfigurations = (
				CA30C9172B860F60000486AC /* Debug */,
				CA30C9182B860F60000486AC /* Release */,
			);
			defaultConfigurationIsVisible = 0;
			defaultConfigurationName = Release;
		};
		CA30C9192B860F60000486AC /* Build configuration list for PBXNativeTarget "Devote" */ = {
			isa = XCConfigurationList;
			buildConfigurations = (
				CA30C91A2B860F60000486AC /* Debug */,
				CA30C91B2B860F60000486AC /* Release */,
			);
			defaultConfigurationIsVisible = 0;
			defaultConfigurationName = Release;
		};
		CA998A002B8987F300B32AF4 /* Build configuration list for PBXNativeTarget "DevoteWidgetExtension" */ = {
			isa = XCConfigurationList;
			buildConfigurations = (
				CA998A012B8987F300B32AF4 /* Debug */,
				CA998A022B8987F300B32AF4 /* Release */,
			);
			defaultConfigurationIsVisible = 0;
			defaultConfigurationName = Release;
		};
/* End XCConfigurationList section */

/* Begin XCVersionGroup section */
		CA30C9142B860F60000486AC /* Devote.xcdatamodeld */ = {
			isa = XCVersionGroup;
			children = (
				CA30C9152B860F60000486AC /* Devote.xcdatamodel */,
			);
			currentVersion = CA30C9152B860F60000486AC /* Devote.xcdatamodel */;
			path = Devote.xcdatamodeld;
			sourceTree = "<group>";
			versionGroupType = wrapper.xcdatamodel;
		};
/* End XCVersionGroup section */
	};
	rootObject = CA30C8FE2B860F5E000486AC /* Project object */;
}
